
Microsoft Visual Studio Solution File, Format Version 12.00
# Visual Studio 15
VisualStudioVersion = 15.0.26124.0
MinimumVisualStudioVersion = 15.0.26124.0
Project("{2150E333-8FDC-42A3-9474-1A3956D46DE8}") = "src", "src", "{FC4BD39C-352C-4317-884A-2AD236721A68}"
EndProject
Project("{FAE04EC0-301F-11D3-BF4B-00C04F79EFBC}") = "SettingUpDemosInAzure.Web", "src\SettingUpDemosInAzure.Web\SettingUpDemosInAzure.Web.csproj", "{0B50C4F2-3B08-41A1-9E25-66E4D0EB420D}"
EndProject
Global
	GlobalSection(SolutionConfigurationPlatforms) = preSolution
		Debug|Any CPU = Debug|Any CPU
		Debug|x64 = Debug|x64
		Debug|x86 = Debug|x86
		Release|Any CPU = Release|Any CPU
		Release|x64 = Release|x64
		Release|x86 = Release|x86
	EndGlobalSection
	GlobalSection(SolutionProperties) = preSolution
		HideSolutionNode = FALSE
	EndGlobalSection
	GlobalSection(ProjectConfigurationPlatforms) = postSolution
		{0B50C4F2-3B08-41A1-9E25-66E4D0EB420D}.Debug|Any CPU.ActiveCfg = Debug|Any CPU
		{0B50C4F2-3B08-41A1-9E25-66E4D0EB420D}.Debug|Any CPU.Build.0 = Debug|Any CPU
		{0B50C4F2-3B08-41A1-9E25-66E4D0EB420D}.Debug|x64.ActiveCfg = Debug|Any CPU
		{0B50C4F2-3B08-41A1-9E25-66E4D0EB420D}.Debug|x64.Build.0 = Debug|Any CPU
		{0B50C4F2-3B08-41A1-9E25-66E4D0EB420D}.Debug|x86.ActiveCfg = Debug|Any CPU
		{0B50C4F2-3B08-41A1-9E25-66E4D0EB420D}.Debug|x86.Build.0 = Debug|Any CPU
		{0B50C4F2-3B08-41A1-9E25-66E4D0EB420D}.Release|Any CPU.ActiveCfg = Release|Any CPU
		{0B50C4F2-3B08-41A1-9E25-66E4D0EB420D}.Release|Any CPU.Build.0 = Release|Any CPU
		{0B50C4F2-3B08-41A1-9E25-66E4D0EB420D}.Release|x64.ActiveCfg = Release|Any CPU
		{0B50C4F2-3B08-41A1-9E25-66E4D0EB420D}.Release|x64.Build.0 = Release|Any CPU
		{0B50C4F2-3B08-41A1-9E25-66E4D0EB420D}.Release|x86.ActiveCfg = Release|Any CPU
		{0B50C4F2-3B08-41A1-9E25-66E4D0EB420D}.Release|x86.Build.0 = Release|Any CPU
	EndGlobalSection
	GlobalSection(NestedProjects) = preSolution
		{0B50C4F2-3B08-41A1-9E25-66E4D0EB420D} = {FC4BD39C-352C-4317-884A-2AD236721A68}
	EndGlobalSection
EndGlobal